<?xml version="1.0" encoding="utf-8"?>
<Project ToolsVersion="4.0" xmlns="http://schemas.microsoft.com/developer/msbuild/2003">
  <ItemGroup>
    <Filter Include="Asset">
      <UniqueIdentifier>{254EEB2A-C732-44CE-ABA1-94E6061D4173}</UniqueIdentifier>
    </Filter>
    <Filter Include="Asset\Shader">
      <UniqueIdentifier>{AAC4796E-A189-4CB2-B2C0-F2FBD0038751}</UniqueIdentifier>
    </Filter>
    <Filter Include="Asset\Shader\LitShader">
      <UniqueIdentifier>{DFF176BC-4B3F-4F3D-96FB-892B5B4875F6}</UniqueIdentifier>
    </Filter>
    <Filter Include="Asset\Shader\PP_ToneMapping">
      <UniqueIdentifier>{98161912-2D7D-4470-8EE9-6BB4A2D1A4A5}</UniqueIdentifier>
    </Filter>
    <Filter Include="Asset\Shader\PostProcessShader">
      <UniqueIdentifier>{B8D74F40-C6C1-41E3-AD8C-0977A0A5B3F6}</UniqueIdentifier>
    </Filter>
    <Filter Include="Asset\Shader\SkinningShader">
      <UniqueIdentifier>{AD41FB1F-4915-45BF-8FF8-2C5BE0190DB6}</UniqueIdentifier>
    </Filter>
    <Filter Include="Library">
      <UniqueIdentifier>{A2024589-80E4-4588-9E1D-9DD3B7BADB03}</UniqueIdentifier>
    </Filter>
    <Filter Include="Library\ImGui">
      <UniqueIdentifier>{5CA1F6B9-C153-4C2D-B490-A0467495CF68}</UniqueIdentifier>
    </Filter>
    <Filter Include="Source">
      <UniqueIdentifier>{416A885E-8920-4A96-9140-050D0054C5FF}</UniqueIdentifier>
    </Filter>
    <Filter Include="Source\Application">
      <UniqueIdentifier>{F1A831D2-06FE-4AA4-998A-09C9CA71D424}</UniqueIdentifier>
    </Filter>
    <Filter Include="Source\Application\Object">
      <UniqueIdentifier>{10DBDD85-BCA8-428C-AEF9-2AC31D126F0E}</UniqueIdentifier>
    </Filter>
    <Filter Include="Source\Application\Object\Script">
      <UniqueIdentifier>{4CEF32D3-06A7-4E5F-A395-A2A50810BAD0}</UniqueIdentifier>
    </Filter>
    <Filter Include="Source\Application\Object\Script\Ghost">
      <UniqueIdentifier>{29DB66A7-52AD-46E8-8868-DF2D7955BA9C}</UniqueIdentifier>
    </Filter>
    <Filter Include="Source\Application\Object\Script\Player">
      <UniqueIdentifier>{EBF616EF-AEC5-4939-B378-9ECDFB106EB5}</UniqueIdentifier>
    </Filter>
    <Filter Include="Source\Application\Object\Script\System">
      <UniqueIdentifier>{C4EDB800-0291-410C-BB80-8F07E1F4DE62}</UniqueIdentifier>
    </Filter>
    <Filter Include="Source\Application\Scene">
      <UniqueIdentifier>{938000F5-2978-4959-8E7E-D7CA5FE9CFDA}</UniqueIdentifier>
    </Filter>
    <Filter Include="Source\Application\Scene\GameScene">
      <UniqueIdentifier>{46A966AF-37BA-4B22-8256-EFFE76BBD846}</UniqueIdentifier>
    </Filter>
    <Filter Include="Source\Application\Scene\TitleScene">
      <UniqueIdentifier>{5A2394E0-9B66-41E2-B728-7B726CA8B356}</UniqueIdentifier>
    </Filter>
    <Filter Include="Source\Framework">
      <UniqueIdentifier>{71A023F7-4252-45D7-8C9D-B7CD5DE7F606}</UniqueIdentifier>
    </Filter>
    <Filter Include="Source\Framework\DirectX">
      <UniqueIdentifier>{F6209BC2-0D84-4C0A-9FF3-A6BF548B69C1}</UniqueIdentifier>
    </Filter>
    <Filter Include="Source\Framework\DirectX\GDF">
      <UniqueIdentifier>{C3356109-C6DA-4387-8F77-262E70C42988}</UniqueIdentifier>
    </Filter>
    <Filter Include="Source\Framework\DirectX\Utility">
      <UniqueIdentifier>{41B158FF-A321-4920-9685-7A75D5C35232}</UniqueIdentifier>
    </Filter>
    <Filter Include="Source\Framework\DirectX\Window">
      <UniqueIdentifier>{173B45E9-D988-4357-B552-85291DBA3AB7}</UniqueIdentifier>
    </Filter>
    <Filter Include="Source\Framework\ECS">
      <UniqueIdentifier>{E5902BA8-4CDD-4C29-A02D-BAC7E2C4E996}</UniqueIdentifier>
    </Filter>
    <Filter Include="Source\Framework\ECS\CompSystem">
      <UniqueIdentifier>{A120A735-8105-4CD1-A033-232FFAB1D503}</UniqueIdentifier>
    </Filter>
    <Filter Include="Source\Framework\ECS\CompSystem\SpriteRenderSystem">
      <UniqueIdentifier>{78BAE41E-4919-481C-B826-96F45AAD3423}</UniqueIdentifier>
    </Filter>
    <Filter Include="Source\Framework\ECS\CompSystem\Systems">
      <UniqueIdentifier>{87A0123D-CE0A-4FA8-B08E-DC74CEEBFA50}</UniqueIdentifier>
    </Filter>
    <Filter Include="Source\Framework\ECS\Components">
      <UniqueIdentifier>{1D69A046-3AE7-4836-8D52-838B257F4CD7}</UniqueIdentifier>
    </Filter>
    <Filter Include="Source\Framework\ECS\Components\Data">
      <UniqueIdentifier>{5ECB5A15-9B00-4782-869C-2716CB8095E9}</UniqueIdentifier>
    </Filter>
    <Filter Include="Source\Framework\ECS\Entity">
      <UniqueIdentifier>{4A756529-2E70-486B-A853-7CB9685AF778}</UniqueIdentifier>
    </Filter>
    <Filter Include="Source\Framework\ImGuiEditor">
      <UniqueIdentifier>{A72F445D-ECF7-40F5-BF49-5D3443DE3C2A}</UniqueIdentifier>
    </Filter>
    <Filter Include="Source\Framework\ImGuiEditor\Editor">
      <UniqueIdentifier>{75853BE1-9217-467D-834B-B098BA98E529}</UniqueIdentifier>
    </Filter>
    <Filter Include="Source\Framework\Manager">
      <UniqueIdentifier>{1C8F4F6D-1AC8-40DF-9082-CA417886D93A}</UniqueIdentifier>
    </Filter>
    <Filter Include="Source\Framework\Memory">
      <UniqueIdentifier>{6A64AA80-5133-4ADE-89F9-55D2D504E96E}</UniqueIdentifier>
    </Filter>
    <Filter Include="Source\Framework\Object">
      <UniqueIdentifier>{724C43E1-F9B7-4F05-AAE6-968A8F578FE7}</UniqueIdentifier>
    </Filter>
    <Filter Include="Source\Framework\System">
      <UniqueIdentifier>{47AEECF3-D1EF-4539-B406-BACB2660D49F}</UniqueIdentifier>
    </Filter>
    <Filter Include="Source\Framework\System\JobSystem">
      <UniqueIdentifier>{E3580F4C-49DD-466A-ABE8-14AA2A280EBA}</UniqueIdentifier>
    </Filter>
    <Filter Include="Source\Graphics">
      <UniqueIdentifier>{384160EE-F819-4F99-A57B-2FC83C8F2FF4}</UniqueIdentifier>
    </Filter>
    <Filter Include="Source\Graphics\Buffer">
      <UniqueIdentifier>{7F967E84-0F07-469A-8673-1840010DA9A0}</UniqueIdentifier>
    </Filter>
    <Filter Include="Source\Graphics\Buffer\CBufferAllocator">
      <UniqueIdentifier>{02281DEA-32C8-4D0D-A8A0-2A0A8D045769}</UniqueIdentifier>
    </Filter>
    <Filter Include="Source\Graphics\Buffer\CBufferAllocator\CBufferData">
      <UniqueIdentifier>{38DCF776-C086-409F-98CA-618F07DF8A95}</UniqueIdentifier>
    </Filter>
    <Filter Include="Source\Graphics\Buffer\DepthStencil">
      <UniqueIdentifier>{8454613B-9280-4EC6-91DE-E641595AE7AF}</UniqueIdentifier>
    </Filter>
    <Filter Include="Source\Graphics\Buffer\RenderTarget">
      <UniqueIdentifier>{C2B1AFB0-6A3F-4303-A885-9213A1D4E061}</UniqueIdentifier>
    </Filter>
    <Filter Include="Source\Graphics\Buffer\Texture">
      <UniqueIdentifier>{4689701C-A6B4-4FD8-B5E7-1CBBE7A0D364}</UniqueIdentifier>
    </Filter>
    <Filter Include="Source\Graphics\Descriptors">
      <UniqueIdentifier>{E2436E0A-04C8-4FD8-9282-E19B0CB63D4B}</UniqueIdentifier>
    </Filter>
    <Filter Include="Source\Graphics\Descriptors\Heap">
      <UniqueIdentifier>{97046383-F555-4558-B41D-21690BFA4B32}</UniqueIdentifier>
    </Filter>
    <Filter Include="Source\Graphics\Descriptors\Heap\CBVSRVUAVHeap">
      <UniqueIdentifier>{ECF4EF54-9256-4D0E-AB6D-3AA03C5B7AD2}</UniqueIdentifier>
    </Filter>
    <Filter Include="Source\Graphics\Descriptors\Heap\DSVHeap">
      <UniqueIdentifier>{39312F34-34AD-4D05-AC04-0A23FCD8901F}</UniqueIdentifier>
    </Filter>
    <Filter Include="Source\Graphics\Descriptors\Heap\RTVHeap">
      <UniqueIdentifier>{D78F8C73-A804-4ED9-B836-FB7797FEBDF2}</UniqueIdentifier>
    </Filter>
    <Filter Include="Source\Graphics\Device">
      <UniqueIdentifier>{FB70EC14-1BF5-4CAE-BFB6-7A0518378280}</UniqueIdentifier>
    </Filter>
    <Filter Include="Source\Graphics\Renderer">
      <UniqueIdentifier>{B1A832A2-C1F8-4A9B-B114-1C1E1B95B3C8}</UniqueIdentifier>
    </Filter>
    <Filter Include="Source\Graphics\Geometry">
      <UniqueIdentifier>{E306D558-F900-4AC3-BF0F-885EF54F6D32}</UniqueIdentifier>
    </Filter>
    <Filter Include="Source\Graphics\Geometry\Mesh">
      <UniqueIdentifier>{78D21C3E-63AF-49FF-95C9-19D1F7DFFAAA}</UniqueIdentifier>
    </Filter>
    <Filter Include="Source\Graphics\Geometry\Mesh\MeshData">
      <UniqueIdentifier>{CE0140F7-F805-4508-BC93-B55399A3DEAD}</UniqueIdentifier>
    </Filter>
    <Filter Include="Source\Graphics\Geometry\Model">
      <UniqueIdentifier>{3BF864E3-E1F3-4AC2-A36F-656DF3ADDDC7}</UniqueIdentifier>
    </Filter>
    <Filter Include="Source\Graphics\Shader">
      <UniqueIdentifier>{E0774D8D-1BBB-4C75-8EA9-A0F5BCE65987}</UniqueIdentifier>
    </Filter>
    <Filter Include="Source\Graphics\Shader\LitShader">
      <UniqueIdentifier>{276C48B6-ED0B-4494-A9FA-09A11DC7324B}</UniqueIdentifier>
    </Filter>
    <Filter Include="Source\Graphics\Shader\Pipeline">
      <UniqueIdentifier>{9AF7CD4D-82FC-45F0-AAE7-828E28A0F858}</UniqueIdentifier>
    </Filter>
    <Filter Include="Source\Graphics\Shader\PostProcessShader">
      <UniqueIdentifier>{04C057A7-37D2-499B-94F6-EDCE154B937E}</UniqueIdentifier>
    </Filter>
    <Filter Include="Source\Graphics\Shader\RootSignature">
      <UniqueIdentifier>{F306CC76-3000-4125-AB9D-2CC3B2C691E4}</UniqueIdentifier>
    </Filter>
    <Filter Include="Source\Graphics\Shader\ShadowShader">
      <UniqueIdentifier>{2E4AC18D-5331-433A-BE4F-01326960C1EC}</UniqueIdentifier>
    </Filter>
    <Filter Include="Source\Graphics\Shader\SkinningShader">
      <UniqueIdentifier>{3624A704-C510-4641-99D5-AF0C86362937}</UniqueIdentifier>
    </Filter>
    <Filter Include="Source\Graphics\Shader\StandardShader">
      <UniqueIdentifier>{C657EE89-D42F-4630-AB6E-A3E958EE63CB}</UniqueIdentifier>
    </Filter>
    <Filter Include="Source\Framework\Manager\Animation">
      <UniqueIdentifier>{21c279b6-16e5-48d4-bea3-20333f176008}</UniqueIdentifier>
    </Filter>
    <Filter Include="Source\Framework\Manager\Audio">
      <UniqueIdentifier>{e54cc0c7-3be0-4ddb-aabf-2bb0252b9f3d}</UniqueIdentifier>
    </Filter>
    <Filter Include="Source\Framework\Manager\Collision">
      <UniqueIdentifier>{a2e9edae-9bff-4a21-8dc7-ca4bb6c72984}</UniqueIdentifier>
    </Filter>
    <Filter Include="Source\Framework\Manager\NavMesh">
      <UniqueIdentifier>{8ac913df-54e5-49a7-aba7-aa11ecdbeb6a}</UniqueIdentifier>
    </Filter>
    <Filter Include="Source\Framework\Manager\Resource">
      <UniqueIdentifier>{7687e007-88ce-425c-a47e-c9cd43d918e7}</UniqueIdentifier>
    </Filter>
    <Filter Include="Source\Framework\Manager\Scene">
      <UniqueIdentifier>{67046f06-1e60-43fd-8098-dac859d150cd}</UniqueIdentifier>
    </Filter>
  </ItemGroup>
  <ItemGroup>
    <ClCompile Include="Library\ImGui\ImGuizmo.cpp">
      <Filter>Library\ImGui</Filter>
    </ClCompile>
    <ClCompile Include="Library\ImGui\imgui.cpp">
      <Filter>Library\ImGui</Filter>
    </ClCompile>
    <ClCompile Include="Library\ImGui\imgui_demo.cpp">
      <Filter>Library\ImGui</Filter>
    </ClCompile>
    <ClCompile Include="Library\ImGui\imgui_draw.cpp">
      <Filter>Library\ImGui</Filter>
    </ClCompile>
    <ClCompile Include="Library\ImGui\imgui_impl_dx12.cpp">
      <Filter>Library\ImGui</Filter>
    </ClCompile>
    <ClCompile Include="Library\ImGui\imgui_impl_win32.cpp">
      <Filter>Library\ImGui</Filter>
    </ClCompile>
    <ClCompile Include="Library\ImGui\imgui_stdlib.cpp">
      <Filter>Library\ImGui</Filter>
    </ClCompile>
    <ClCompile Include="Library\ImGui\imgui_tables.cpp">
      <Filter>Library\ImGui</Filter>
    </ClCompile>
    <ClCompile Include="Library\ImGui\imgui_widgets.cpp">
      <Filter>Library\ImGui</Filter>
    </ClCompile>
    <ClCompile Include="Source\Application\Application.cpp">
      <Filter>Source\Application</Filter>
    </ClCompile>
    <ClCompile Include="Source\Application\Object\Script\Ghost\GhostAI.cpp">
      <Filter>Source\Application\Object\Script\Ghost</Filter>
    </ClCompile>
    <ClCompile Include="Source\Application\Object\Script\Player\Player.cpp">
      <Filter>Source\Application\Object\Script\Player</Filter>
    </ClCompile>
    <ClCompile Include="Source\Application\Object\Script\System\GameSequence.cpp">
      <Filter>Source\Application\Object\Script\System</Filter>
    </ClCompile>
    <ClCompile Include="Source\Application\Scene\GameScene\GameScene.cpp">
      <Filter>Source\Application\Scene\GameScene</Filter>
    </ClCompile>
    <ClCompile Include="Source\Application\Scene\TitleScene\TitleScene.cpp">
      <Filter>Source\Application\Scene\TitleScene</Filter>
    </ClCompile>
    <ClCompile Include="Source\Framework\DirectX\GDF\GDF.cpp">
      <Filter>Source\Framework\DirectX\GDF</Filter>
    </ClCompile>
    <ClCompile Include="Source\Framework\DirectX\Utility\Input.cpp">
      <Filter>Source\Framework\DirectX\Utility</Filter>
    </ClCompile>
    <ClCompile Include="Source\Framework\DirectX\Utility\Time.cpp">
      <Filter>Source\Framework\DirectX\Utility</Filter>
    </ClCompile>
    <ClCompile Include="Source\Framework\DirectX\Utility\Utility.cpp">
      <Filter>Source\Framework\DirectX\Utility</Filter>
    </ClCompile>
    <ClCompile Include="Source\Framework\DirectX\Window\Window.cpp">
      <Filter>Source\Framework\DirectX\Window</Filter>
    </ClCompile>
    <ClCompile Include="Source\Framework\ECS\CompSystem\SpriteRenderSystem\SpriteRenderSystem.cpp">
      <Filter>Source\Framework\ECS\CompSystem\SpriteRenderSystem</Filter>
    </ClCompile>
    <ClCompile Include="Source\Framework\ImGuiEditor\Editor\Editor.cpp">
      <Filter>Source\Framework\ImGuiEditor\Editor</Filter>
    </ClCompile>
    <ClCompile Include="Source\Framework\ImGuiEditor\Editor\HierarchyWindow.cpp">
      <Filter>Source\Framework\ImGuiEditor\Editor</Filter>
    </ClCompile>
    <ClCompile Include="Source\Framework\ImGuiEditor\Editor\InspectorWindow.cpp">
      <Filter>Source\Framework\ImGuiEditor\Editor</Filter>
    </ClCompile>
    <ClCompile Include="Source\Framework\ImGuiEditor\Editor\StatisticsWindow.cpp">
      <Filter>Source\Framework\ImGuiEditor\Editor</Filter>
    </ClCompile>
    <ClCompile Include="Source\Framework\ImGuiEditor\Editor\ConsoleWindow.cpp">
      <Filter>Source\Framework\ImGuiEditor\Editor</Filter>
    </ClCompile>
    <ClCompile Include="Source\Framework\ImGuiEditor\Editor\AssetBrowserWindow.cpp">
      <Filter>Source\Framework\ImGuiEditor\Editor</Filter>
    </ClCompile>
    <ClCompile Include="Source\Framework\ImGuiEditor\Editor\GameViewWindow.cpp">
      <Filter>Source\Framework\ImGuiEditor\Editor</Filter>
    </ClCompile>
    <ClCompile Include="Source\Framework\ImGuiEditor\Editor\Toolbar.cpp">
      <Filter>Source\Framework\ImGuiEditor\Editor</Filter>
    </ClCompile>

    <ClCompile Include="Source\Framework\Manager\GameManager.cpp">
      <Filter>Source\Framework\Manager</Filter>
    </ClCompile>
    <ClCompile Include="Source\Framework\Object\GameObject.cpp">
      <Filter>Source\Framework\Object</Filter>
    </ClCompile>
    <ClCompile Include="Source\Framework\System\JobSystem\JobSystem.cpp">
      <Filter>Source\Framework\System\JobSystem</Filter>
    </ClCompile>
    <ClCompile Include="Source\Graphics\Buffer\CBufferAllocator\CBufferAllocator.cpp">
      <Filter>Source\Graphics\Buffer\CBufferAllocator</Filter>
    </ClCompile>
    <ClCompile Include="Source\Graphics\Buffer\DepthStencil\DepthStencil.cpp">
      <Filter>Source\Graphics\Buffer\DepthStencil</Filter>
    </ClCompile>
    <ClCompile Include="Source\Graphics\Buffer\RenderTarget\RenderTarget.cpp">
      <Filter>Source\Graphics\Buffer\RenderTarget</Filter>
    </ClCompile>
    <ClCompile Include="Source\Graphics\Buffer\Texture\Texture.cpp">
      <Filter>Source\Graphics\Buffer\Texture</Filter>
    </ClCompile>
    <ClCompile Include="Source\Graphics\Descriptors\Heap\CBVSRVUAVHeap\CBVSRVUAVHeap.cpp">
      <Filter>Source\Graphics\Descriptors\Heap\CBVSRVUAVHeap</Filter>
    </ClCompile>
    <ClCompile Include="Source\Graphics\Descriptors\Heap\DSVHeap\DSVHeap.cpp">
      <Filter>Source\Graphics\Descriptors\Heap\DSVHeap</Filter>
    </ClCompile>
    <ClCompile Include="Source\Graphics\Descriptors\Heap\RTVHeap\RTVHeap.cpp">
      <Filter>Source\Graphics\Descriptors\Heap\RTVHeap</Filter>
    </ClCompile>
    <ClCompile Include="Source\Graphics\Device\GraphicsDevice.cpp">
      <Filter>Source\Graphics\Device</Filter>
    </ClCompile>
    <ClCompile Include="Source\Graphics\Renderer\Renderer.cpp">
      <Filter>Source\Graphics\Renderer</Filter>
    </ClCompile>
    <ClCompile Include="Source\Graphics\Geometry\Mesh\Mesh.cpp">
      <Filter>Source\Graphics\Geometry\Mesh</Filter>
    </ClCompile>
    <ClCompile Include="Source\Graphics\Geometry\Model\Model.cpp">
      <Filter>Source\Graphics\Geometry\Model</Filter>
    </ClCompile>
    <ClCompile Include="Source\Graphics\Geometry\Model\ModelLoader.cpp">
      <Filter>Source\Graphics\Geometry\Model</Filter>
    </ClCompile>
    <ClCompile Include="Source\Graphics\Shader\LitShader\LitShader.cpp">
      <Filter>Source\Graphics\Shader\LitShader</Filter>
    </ClCompile>
    <ClCompile Include="Source\Graphics\Shader\Pipeline\Pipeline.cpp">
      <Filter>Source\Graphics\Shader\Pipeline</Filter>
    </ClCompile>
    <ClCompile Include="Source\Graphics\Shader\PostProcessShader\PostProcessShader.cpp">
      <Filter>Source\Graphics\Shader\PostProcessShader</Filter>
    </ClCompile>
    <ClCompile Include="Source\Graphics\Shader\RootSignature\RootSignature.cpp">
      <Filter>Source\Graphics\Shader\RootSignature</Filter>
    </ClCompile>
    <ClCompile Include="Source\Graphics\Shader\ShaderManager.cpp">
      <Filter>Source\Graphics\Shader</Filter>
    </ClCompile>
    <ClCompile Include="Source\Graphics\Shader\ShadowShader\ShadowShader.cpp">
      <Filter>Source\Graphics\Shader\ShadowShader</Filter>
    </ClCompile>
    <ClCompile Include="Source\Graphics\Shader\SkinningShader\SkinningShader.cpp">
      <Filter>Source\Graphics\Shader\SkinningShader</Filter>
    </ClCompile>
    <ClCompile Include="Source\Graphics\Shader\StandardShader\StandardShader.cpp">
      <Filter>Source\Graphics\Shader\StandardShader</Filter>
    </ClCompile>
    <ClCompile Include="Source\Pch.cpp">
      <Filter>Source</Filter>
    </ClCompile>
    <ClInclude Include="Source\Application\Application.h">
      <Filter>Source\Application</Filter>
    </ClInclude>
    <ClInclude Include="Source\Application\Object\Script\Ghost\GhostAI.h">
      <Filter>Source\Application\Object\Script\Ghost</Filter>
    </ClInclude>
    <ClInclude Include="Source\Application\Object\Script\Player\Player.h">
      <Filter>Source\Application\Object\Script\Player</Filter>
    </ClInclude>
    <ClInclude Include="Source\Application\Object\Script\System\GameSequence.h">
      <Filter>Source\Application\Object\Script\System</Filter>
    </ClInclude>
    <ClInclude Include="Source\Application\Scene\GameScene\GameScene.h">
      <Filter>Source\Application\Scene\GameScene</Filter>
    </ClInclude>
    <ClInclude Include="Source\Application\Scene\SceneBase.h">
      <Filter>Source\Application\Scene</Filter>
    </ClInclude>
    <ClInclude Include="Source\Application\Scene\TitleScene\TitleScene.h">
      <Filter>Source\Application\Scene\TitleScene</Filter>
    </ClInclude>
    <ClInclude Include="Source\Framework\DirectX\GDF\GDF.h">
      <Filter>Source\Framework\DirectX\GDF</Filter>
    </ClInclude>
    <ClInclude Include="Source\Framework\DirectX\Utility\ClassAssembly.h">
      <Filter>Source\Framework\DirectX\Utility</Filter>
    </ClInclude>
    <ClInclude Include="Source\Framework\DirectX\Utility\Input.h">
      <Filter>Source\Framework\DirectX\Utility</Filter>
    </ClInclude>
    <ClInclude Include="Source\Framework\DirectX\Utility\Logger.h">
      <Filter>Source\Framework\DirectX\Utility</Filter>
    </ClInclude>
    <ClInclude Include="Source\Framework\DirectX\Utility\Random.h">
      <Filter>Source\Framework\DirectX\Utility</Filter>
    </ClInclude>
    <ClInclude Include="Source\Framework\DirectX\Utility\Time.h">
      <Filter>Source\Framework\DirectX\Utility</Filter>
    </ClInclude>
    <ClInclude Include="Source\Framework\DirectX\Utility\Utility.h">
      <Filter>Source\Framework\DirectX\Utility</Filter>
    </ClInclude>
    <ClInclude Include="Source\Framework\DirectX\Window\Window.h">
      <Filter>Source\Framework\DirectX\Window</Filter>
    </ClInclude>
    <ClInclude Include="Source\Framework\ECS\CompSystem\SpriteRenderSystem\SpriteRenderSystem.h">
      <Filter>Source\Framework\ECS\CompSystem\SpriteRenderSystem</Filter>
    </ClInclude>
    <ClInclude Include="Source\Framework\ECS\CompSystem\System.h">
      <Filter>Source\Framework\ECS\CompSystem</Filter>
    </ClInclude>
    <ClInclude Include="Source\Framework\ECS\CompSystem\Systems\RenderSystem.h">
      <Filter>Source\Framework\ECS\CompSystem\Systems</Filter>
    </ClInclude>
    <ClInclude Include="Source\Framework\ECS\CompSystem\Systems\TransformSystem.h">
      <Filter>Source\Framework\ECS\CompSystem\Systems</Filter>
    </ClInclude>
    <ClInclude Include="Source\Framework\ECS\ComponentManager.h">
      <Filter>Source\Framework\ECS</Filter>
    </ClInclude>
    <ClInclude Include="Source\Framework\ECS\Components\Data\AnimationData.h">
      <Filter>Source\Framework\ECS\Components\Data</Filter>
    </ClInclude>
    <ClInclude Include="Source\Framework\ECS\Components\Data\CameraData.h">
      <Filter>Source\Framework\ECS\Components\Data</Filter>
    </ClInclude>
    <ClInclude Include="Source\Framework\ECS\Components\Data\ColliderData.h">
      <Filter>Source\Framework\ECS\Components\Data</Filter>
    </ClInclude>
    <ClInclude Include="Source\Framework\ECS\Components\Data\ModelRenderData.h">
      <Filter>Source\Framework\ECS\Components\Data</Filter>
    </ClInclude>
    <ClInclude Include="Source\Framework\ECS\Components\Data\NativeScript.h">
      <Filter>Source\Framework\ECS\Components\Data</Filter>
    </ClInclude>
    <ClInclude Include="Source\Framework\ECS\Components\Data\NativeScriptData.h">
      <Filter>Source\Framework\ECS\Components\Data</Filter>
    </ClInclude>
    <ClInclude Include="Source\Framework\ECS\Components\Data\ShaderData.h">
      <Filter>Source\Framework\ECS\Components\Data</Filter>
    </ClInclude>
    <ClInclude Include="Source\Framework\ECS\Components\Data\SpriteData.h">
      <Filter>Source\Framework\ECS\Components\Data</Filter>
    </ClInclude>
    <ClInclude Include="Source\Framework\ECS\Components\Data\TransformData.h">
      <Filter>Source\Framework\ECS\Components\Data</Filter>
    </ClInclude>
    <ClInclude Include="Source\Framework\ECS\ECS.h">
      <Filter>Source\Framework\ECS</Filter>
    </ClInclude>
    <ClInclude Include="Source\Framework\ECS\ECSCoordinator.h">
      <Filter>Source\Framework\ECS</Filter>
    </ClInclude>
    <ClInclude Include="Source\Framework\ECS\Entity\Entity.h">
      <Filter>Source\Framework\ECS\Entity</Filter>
    </ClInclude>
    <ClInclude Include="Source\Framework\ImGuiEditor\Editor\Editor.h">
      <Filter>Source\Framework\ImGuiEditor\Editor</Filter>
    </ClInclude>
    <ClInclude Include="Source\Framework\Manager\GameManager.h">
      <Filter>Source\Framework\Manager</Filter>
    </ClInclude>
    <ClInclude Include="Source\Framework\Memory\LinearAllocator.h">
      <Filter>Source\Framework\Memory</Filter>
    </ClInclude>
    <ClInclude Include="Source\Framework\Memory\PoolAllocator.h">
      <Filter>Source\Framework\Memory</Filter>
    </ClInclude>
    <ClInclude Include="Source\Framework\Object\GameObject.h">
      <Filter>Source\Framework\Object</Filter>
    </ClInclude>
    <ClInclude Include="Source\Framework\Object\Object.h">
      <Filter>Source\Framework\Object</Filter>
    </ClInclude>
    <ClInclude Include="Source\Framework\System.h">
      <Filter>Source\Framework</Filter>
    </ClInclude>
    <ClInclude Include="Source\Framework\System\JobSystem\JobSystem.h">
      <Filter>Source\Framework\System\JobSystem</Filter>
    </ClInclude>
    <ClInclude Include="Source\Graphics\Buffer\Buffer.h">
      <Filter>Source\Graphics\Buffer</Filter>
    </ClInclude>
    <ClInclude Include="Source\Graphics\Buffer\CBufferAllocator\CBufferAllocator.h">
      <Filter>Source\Graphics\Buffer\CBufferAllocator</Filter>
    </ClInclude>
    <ClInclude Include="Source\Graphics\Buffer\CBufferAllocator\CBufferData\CBufferData.h">
      <Filter>Source\Graphics\Buffer\CBufferAllocator\CBufferData</Filter>
    </ClInclude>
    <ClInclude Include="Source\Graphics\Buffer\DepthStencil\DepthStencil.h">
      <Filter>Source\Graphics\Buffer\DepthStencil</Filter>
    </ClInclude>
    <ClInclude Include="Source\Graphics\Buffer\RenderTarget\RenderTarget.h">
      <Filter>Source\Graphics\Buffer\RenderTarget</Filter>
    </ClInclude>
    <ClInclude Include="Source\Graphics\Buffer\Texture\Texture.h">
      <Filter>Source\Graphics\Buffer\Texture</Filter>
    </ClInclude>
    <ClInclude Include="Source\Graphics\Descriptors\Heap\CBVSRVUAVHeap\CBVSRVUAVHeap.h">
      <Filter>Source\Graphics\Descriptors\Heap\CBVSRVUAVHeap</Filter>
    </ClInclude>
    <ClInclude Include="Source\Graphics\Descriptors\Heap\DSVHeap\DSVHeap.h">
      <Filter>Source\Graphics\Descriptors\Heap\DSVHeap</Filter>
    </ClInclude>
    <ClInclude Include="Source\Graphics\Descriptors\Heap\Heap.h">
      <Filter>Source\Graphics\Descriptors\Heap</Filter>
    </ClInclude>
    <ClInclude Include="Source\Graphics\Descriptors\Heap\RTVHeap\RTVHeap.h">
      <Filter>Source\Graphics\Descriptors\Heap\RTVHeap</Filter>
    </ClInclude>
    <ClInclude Include="Source\Graphics\Device\GraphicsDevice.h">
      <Filter>Source\Graphics\Device</Filter>
    </ClInclude>
    <ClInclude Include="Source\Graphics\Renderer\Renderer.h">
      <Filter>Source\Graphics\Renderer</Filter>
    </ClInclude>
    <ClInclude Include="Source\Graphics\Geometry\Mesh\Mesh.h">
      <Filter>Source\Graphics\Geometry\Mesh</Filter>
    </ClInclude>
    <ClInclude Include="Source\Graphics\Geometry\Mesh\MeshData\MeshData.h">
      <Filter>Source\Graphics\Geometry\Mesh\MeshData</Filter>
    </ClInclude>
    <ClInclude Include="Source\Graphics\Geometry\Model\Model.h">
      <Filter>Source\Graphics\Geometry\Model</Filter>
    </ClInclude>
    <ClInclude Include="Source\Graphics\Geometry\Model\ModelLoader.h">
      <Filter>Source\Graphics\Geometry\Model</Filter>
    </ClInclude>
    <ClInclude Include="Source\Graphics\Graphics.h">
      <Filter>Source\Graphics</Filter>
    </ClInclude>
    <ClInclude Include="Source\Graphics\Shader\LitShader\LitShader.h">
      <Filter>Source\Graphics\Shader\LitShader</Filter>
    </ClInclude>
    <ClInclude Include="Source\Graphics\Shader\Pipeline\Pipeline.h">
      <Filter>Source\Graphics\Shader\Pipeline</Filter>
    </ClInclude>
    <ClInclude Include="Source\Graphics\Shader\PostProcessShader\PostProcessShader.h">
      <Filter>Source\Graphics\Shader\PostProcessShader</Filter>
    </ClInclude>
    <ClInclude Include="Source\Graphics\Shader\RootSignature\RootSignature.h">
      <Filter>Source\Graphics\Shader\RootSignature</Filter>
    </ClInclude>
    <ClInclude Include="Source\Graphics\Shader\ShaderManager.h">
      <Filter>Source\Graphics\Shader</Filter>
    </ClInclude>
    <ClInclude Include="Source\Graphics\Shader\ShadowShader\ShadowShader.h">
      <Filter>Source\Graphics\Shader\ShadowShader</Filter>
    </ClInclude>
    <ClInclude Include="Source\Graphics\Shader\SkinningShader\SkinningShader.h">
      <Filter>Source\Graphics\Shader\SkinningShader</Filter>
    </ClInclude>
    <ClInclude Include="Source\Graphics\Shader\StandardShader\StandardShader.h">
      <Filter>Source\Graphics\Shader\StandardShader</Filter>
    </ClInclude>
    <ClInclude Include="Source\Pch.h">
      <Filter>Source</Filter>
    </ClInclude>
    <FxCompile Include="Asset\Shader\SkinningShader\SkinningShader_PS.hlsl">
      <Filter>Asset\Shader\SkinningShader</Filter>
    </FxCompile>
    <FxCompile Include="Asset\Shader\SkinningShader\SkinningShader_VS.hlsl">
      <Filter>Asset\Shader\SkinningShader</Filter>
    </FxCompile>
    <None Include="Asset\Shader\LitShader\LitShader.hlsli">
      <Filter>Asset\Shader\LitShader</Filter>
    </None>
    <None Include="Asset\Shader\LitShader\LitShader_PS.hlsl">
      <Filter>Asset\Shader\LitShader</Filter>
    </None>
    <None Include="Asset\Shader\LitShader\LitShader_VS.hlsl">
      <Filter>Asset\Shader\LitShader</Filter>
    </None>
    <None Include="Asset\Shader\LitShader\inc_PBRCommon.hlsli">
      <Filter>Asset\Shader\LitShader</Filter>
    </None>
    <None Include="Asset\Shader\LitShader\temp_pbr.txt">
      <Filter>Asset\Shader\LitShader</Filter>
    </None>
    <None Include="Asset\Shader\PP_ToneMapping\PP_ToneMapping.hlsl">
      <Filter>Asset\Shader\PP_ToneMapping</Filter>
    </None>
    <None Include="Asset\Shader\PostProcessShader\PostProcessShader.hlsli">
      <Filter>Asset\Shader\PostProcessShader</Filter>
    </None>
    <None Include="Asset\Shader\PostProcessShader\PostProcessShader_PS.hlsl">
      <Filter>Asset\Shader\PostProcessShader</Filter>
    </None>
    <None Include="Asset\Shader\PostProcessShader\PostProcessShader_VS.hlsl">
      <Filter>Asset\Shader\PostProcessShader</Filter>
    </None>
    <None Include="Asset\Shader\SkinningShader\inc_SkinningShader.hlsli">
      <Filter>Asset\Shader\SkinningShader</Filter>
    </None>
    <None Include="Asset\Shader\Study_PS.hlsl">
      <Filter>Asset\Shader</Filter>
    </None>
    <None Include="Asset\Shader\Study_VS.hlsl">
      <Filter>Asset\Shader</Filter>
    </None>
    <None Include="Asset\Shader\inc_ShaderCore.hlsli">
      <Filter>Asset\Shader</Filter>
    </None>
    <None Include="Asset\Shader\inc_Study.hlsli">
      <Filter>Asset\Shader</Filter>
    </None>
    <None Include="packages.config" />
    <ClCompile Include="Source\Framework\Manager\Scene\Scene.cpp">
      <Filter>Source\Framework\Manager\Scene</Filter>
    </ClCompile>
    <ClCompile Include="Source\Framework\Manager\Scene\SceneManager.cpp">
      <Filter>Source\Framework\Manager\Scene</Filter>
    </ClCompile>
    <ClCompile Include="Source\Framework\Manager\Resource\PrefabManager.cpp">
      <Filter>Source\Framework\Manager\Resource</Filter>
    </ClCompile>
    <ClCompile Include="Source\Framework\Manager\Resource\ResourceManager.cpp">
      <Filter>Source\Framework\Manager\Resource</Filter>
    </ClCompile>
    <ClCompile Include="Source\Framework\Manager\NavMesh\NavMeshManager.cpp">
      <Filter>Source\Framework\Manager\NavMesh</Filter>
    </ClCompile>
    <ClCompile Include="Source\Framework\Manager\Collision\CollisionManager.cpp">
      <Filter>Source\Framework\Manager\Collision</Filter>
    </ClCompile>
    <ClCompile Include="Source\Framework\Manager\Collision\CollisionShape.cpp">
      <Filter>Source\Framework\Manager\Collision</Filter>
    </ClCompile>
    <ClCompile Include="Source\Framework\Manager\Collision\CollisionSolver.cpp">
      <Filter>Source\Framework\Manager\Collision</Filter>
    </ClCompile>
    <ClCompile Include="Source\Framework\Manager\Audio\AudioManager.cpp">
      <Filter>Source\Framework\Manager\Audio</Filter>
    </ClCompile>
    <ClCompile Include="Source\Framework\Manager\Animation\AnimationManager.cpp">
      <Filter>Source\Framework\Manager\Animation</Filter>
    </ClCompile>
  </ItemGroup>
  <ItemGroup>
    <ClInclude Include="Source\Framework\Manager\Scene\Scene.h">
      <Filter>Source\Framework\Manager\Scene</Filter>
    </ClInclude>
    <ClInclude Include="Source\Framework\Manager\Scene\SceneBase.h">
      <Filter>Source\Framework\Manager\Scene</Filter>
    </ClInclude>
    <ClInclude Include="Source\Framework\Manager\Scene\SceneManager.h">
      <Filter>Source\Framework\Manager\Scene</Filter>
    </ClInclude>
    <ClInclude Include="Source\Framework\Manager\Resource\PrefabManager.h">
      <Filter>Source\Framework\Manager\Resource</Filter>
    </ClInclude>
    <ClInclude Include="Source\Framework\Manager\Resource\ResourceManager.h">
      <Filter>Source\Framework\Manager\Resource</Filter>
    </ClInclude>
    <ClInclude Include="Source\Framework\Manager\NavMesh\NavMeshManager.h">
      <Filter>Source\Framework\Manager\NavMesh</Filter>
    </ClInclude>
    <ClInclude Include="Source\Framework\Manager\Collision\CollisionManager.h">
      <Filter>Source\Framework\Manager\Collision</Filter>
    </ClInclude>
    <ClInclude Include="Source\Framework\Manager\Collision\CollisionShape.h">
      <Filter>Source\Framework\Manager\Collision</Filter>
    </ClInclude>
    <ClInclude Include="Source\Framework\Manager\Collision\CollisionSolver.h">
      <Filter>Source\Framework\Manager\Collision</Filter>
    </ClInclude>
    <ClInclude Include="Source\Framework\Manager\Audio\AudioManager.h">
      <Filter>Source\Framework\Manager\Audio</Filter>
    </ClInclude>
    <ClInclude Include="Source\Framework\Manager\Animation\AnimationManager.h">
      <Filter>Source\Framework\Manager\Animation</Filter>
    </ClInclude>
    <ClInclude Include="Source\Framework\ECS\CompSystem\Systems\CameraSystem.h">
      <Filter>Source\Framework\ECS\CompSystem\Systems</Filter>
    </ClInclude>
    <ClInclude Include="Source\Framework\ECS\CompSystem\Systems\LightSystem.h">
      <Filter>Source\Framework\ECS\CompSystem\Systems</Filter>
    </ClInclude>
    <ClInclude Include="Source\Framework\ECS\CompSystem\Systems\AnimationSystem.h">
      <Filter>Source\Framework\ECS\CompSystem\Systems</Filter>
    </ClInclude>
    <ClInclude Include="Source\Framework\ECS\CompSystem\Systems\ScriptSystem.h">
      <Filter>Source\Framework\ECS\CompSystem\Systems</Filter>
    </ClInclude>
  </ItemGroup>
</Project>